
Microsoft Visual Studio Solution File, Format Version 12.00
# Visual Studio Version 16
VisualStudioVersion = 16.0.33328.57
MinimumVisualStudioVersion = 10.0.40219.1
Project("{FAE04EC0-301F-11D3-BF4B-00C04F79EFBC}") = "RSAEncryption", "RSAEncryption\RSAEncryption.csproj", "{D0941133-1D1B-46C3-9F22-A6EF750BE2BE}"
EndProject
Global
	GlobalSection(SolutionConfigurationPlatforms) = preSolution
		Debug|Any CPU = Debug|Any CPU
		Release|Any CPU = Release|Any CPU
	EndGlobalSection
	GlobalSection(ProjectConfigurationPlatforms) = postSolution
		{D0941133-1D1B-46C3-9F22-A6EF750BE2BE}.Debug|Any CPU.ActiveCfg = Debug|Any CPU
		{D0941133-1D1B-46C3-9F22-A6EF750BE2BE}.Debug|Any CPU.Build.0 = Debug|Any CPU
		{D0941133-1D1B-46C3-9F22-A6EF750BE2BE}.Release|Any CPU.ActiveCfg = Release|Any CPU
		{D0941133-1D1B-46C3-9F22-A6EF750BE2BE}.Release|Any CPU.Build.0 = Release|Any CPU
	EndGlobalSection
	GlobalSection(SolutionProperties) = preSolution
		HideSolutionNode = FALSE
	EndGlobalSection
	GlobalSection(ExtensibilityGlobals) = postSolution
		SolutionGuid = {A1A0F35A-5F10-4458-BAFE-0A964FBB9C9E}
	EndGlobalSection
EndGlobal
